
Microsoft Visual Studio Solution File, Format Version 12.00
# Visual Studio Version 17
VisualStudioVersion = 17.0.31903.59
MinimumVisualStudioVersion = 10.0.40219.1
Project("{2150E333-8FDC-42A3-9474-1A3956D46DE8}") = "UserManagement", "UserManagement", "{8E02F566-9A16-478F-9A1F-F706C1EA0A50}"
EndProject
Project("{FAE04EC0-301F-11D3-BF4B-00C04F79EFBC}") = "Base.UserManagement.API", "UserManagement\Base.UserManagement.API\Base.UserManagement.API.csproj", "{DE0F8517-EF7A-4574-B973-74EBF6CA1022}"
EndProject
Project("{FAE04EC0-301F-11D3-BF4B-00C04F79EFBC}") = "Base.UserManagement.Domain", "UserManagement\Base.UserManagement.Domain\Base.UserManagement.Domain.csproj", "{DA488E4A-3F04-4461-A9DB-FFF27DF5E1D5}"
EndProject
Project("{FAE04EC0-301F-11D3-BF4B-00C04F79EFBC}") = "Base.UserManagement.EFCore", "UserManagement\Base.UserManagement.EFCore\Base.UserManagement.EFCore.csproj", "{A15731C0-4DD8-4CFB-9293-18FB4214383E}"
EndProject
Project("{2150E333-8FDC-42A3-9474-1A3956D46DE8}") = "Gateways", "Gateways", "{049F0004-32E6-43BF-A443-410D8D5A9E50}"
EndProject
Project("{FAE04EC0-301F-11D3-BF4B-00C04F79EFBC}") = "Base.ApiGateway", "Gateways\Base.ApiGateway\Base.ApiGateway.csproj", "{A7BA94D3-01AC-40B4-AF16-79FE4BECBE08}"
EndProject
Global
	GlobalSection(SolutionConfigurationPlatforms) = preSolution
		Debug|Any CPU = Debug|Any CPU
		Release|Any CPU = Release|Any CPU
	EndGlobalSection
	GlobalSection(SolutionProperties) = preSolution
		HideSolutionNode = FALSE
	EndGlobalSection
	GlobalSection(ProjectConfigurationPlatforms) = postSolution
		{DE0F8517-EF7A-4574-B973-74EBF6CA1022}.Debug|Any CPU.ActiveCfg = Debug|Any CPU
		{DE0F8517-EF7A-4574-B973-74EBF6CA1022}.Debug|Any CPU.Build.0 = Debug|Any CPU
		{DE0F8517-EF7A-4574-B973-74EBF6CA1022}.Release|Any CPU.ActiveCfg = Release|Any CPU
		{DE0F8517-EF7A-4574-B973-74EBF6CA1022}.Release|Any CPU.Build.0 = Release|Any CPU
		{DA488E4A-3F04-4461-A9DB-FFF27DF5E1D5}.Debug|Any CPU.ActiveCfg = Debug|Any CPU
		{DA488E4A-3F04-4461-A9DB-FFF27DF5E1D5}.Debug|Any CPU.Build.0 = Debug|Any CPU
		{DA488E4A-3F04-4461-A9DB-FFF27DF5E1D5}.Release|Any CPU.ActiveCfg = Release|Any CPU
		{DA488E4A-3F04-4461-A9DB-FFF27DF5E1D5}.Release|Any CPU.Build.0 = Release|Any CPU
		{A15731C0-4DD8-4CFB-9293-18FB4214383E}.Debug|Any CPU.ActiveCfg = Debug|Any CPU
		{A15731C0-4DD8-4CFB-9293-18FB4214383E}.Debug|Any CPU.Build.0 = Debug|Any CPU
		{A15731C0-4DD8-4CFB-9293-18FB4214383E}.Release|Any CPU.ActiveCfg = Release|Any CPU
		{A15731C0-4DD8-4CFB-9293-18FB4214383E}.Release|Any CPU.Build.0 = Release|Any CPU
		{A7BA94D3-01AC-40B4-AF16-79FE4BECBE08}.Debug|Any CPU.ActiveCfg = Debug|Any CPU
		{A7BA94D3-01AC-40B4-AF16-79FE4BECBE08}.Debug|Any CPU.Build.0 = Debug|Any CPU
		{A7BA94D3-01AC-40B4-AF16-79FE4BECBE08}.Release|Any CPU.ActiveCfg = Release|Any CPU
		{A7BA94D3-01AC-40B4-AF16-79FE4BECBE08}.Release|Any CPU.Build.0 = Release|Any CPU
	EndGlobalSection
	GlobalSection(NestedProjects) = preSolution
		{DE0F8517-EF7A-4574-B973-74EBF6CA1022} = {8E02F566-9A16-478F-9A1F-F706C1EA0A50}
		{DA488E4A-3F04-4461-A9DB-FFF27DF5E1D5} = {8E02F566-9A16-478F-9A1F-F706C1EA0A50}
		{A15731C0-4DD8-4CFB-9293-18FB4214383E} = {8E02F566-9A16-478F-9A1F-F706C1EA0A50}
		{A7BA94D3-01AC-40B4-AF16-79FE4BECBE08} = {049F0004-32E6-43BF-A443-410D8D5A9E50}
	EndGlobalSection
EndGlobal
